
Microsoft Visual Studio Solution File, Format Version 12.00
# Visual Studio 2012
Project("{FAE04EC0-301F-11D3-BF4B-00C04F79EFBC}") = "Xuni_QuickStart", "Xuni_QuickStart\Xuni_QuickStart.csproj", "{7AAEBF6F-03C1-4D4B-87FB-3411D9A80FF5}"
EndProject
Project("{FAE04EC0-301F-11D3-BF4B-00C04F79EFBC}") = "Xuni_QuickStart.iOS", "iOS\Xuni_QuickStart.iOS.csproj", "{D35F627D-2F5C-405F-9C84-EDE609DC3B62}"
EndProject
Project("{FAE04EC0-301F-11D3-BF4B-00C04F79EFBC}") = "Xuni_QuickStart.Droid", "Droid\Xuni_QuickStart.Droid.csproj", "{5CC719F2-D071-4C1F-BF05-B66A7AC78D72}"
EndProject
Global
	GlobalSection(SolutionConfigurationPlatforms) = preSolution
		Debug|Any CPU = Debug|Any CPU
		Release|Any CPU = Release|Any CPU
		Debug|iPhoneSimulator = Debug|iPhoneSimulator
		Release|iPhone = Release|iPhone
		Release|iPhoneSimulator = Release|iPhoneSimulator
		Debug|iPhone = Debug|iPhone
	EndGlobalSection
	GlobalSection(ProjectConfigurationPlatforms) = postSolution
		{7AAEBF6F-03C1-4D4B-87FB-3411D9A80FF5}.Debug|Any CPU.ActiveCfg = Debug|Any CPU
		{7AAEBF6F-03C1-4D4B-87FB-3411D9A80FF5}.Debug|Any CPU.Build.0 = Debug|Any CPU
		{7AAEBF6F-03C1-4D4B-87FB-3411D9A80FF5}.Release|Any CPU.ActiveCfg = Release|Any CPU
		{7AAEBF6F-03C1-4D4B-87FB-3411D9A80FF5}.Release|Any CPU.Build.0 = Release|Any CPU
		{7AAEBF6F-03C1-4D4B-87FB-3411D9A80FF5}.Debug|iPhoneSimulator.ActiveCfg = Debug|Any CPU
		{7AAEBF6F-03C1-4D4B-87FB-3411D9A80FF5}.Debug|iPhoneSimulator.Build.0 = Debug|Any CPU
		{7AAEBF6F-03C1-4D4B-87FB-3411D9A80FF5}.Release|iPhone.ActiveCfg = Release|Any CPU
		{7AAEBF6F-03C1-4D4B-87FB-3411D9A80FF5}.Release|iPhone.Build.0 = Release|Any CPU
		{7AAEBF6F-03C1-4D4B-87FB-3411D9A80FF5}.Release|iPhoneSimulator.ActiveCfg = Release|Any CPU
		{7AAEBF6F-03C1-4D4B-87FB-3411D9A80FF5}.Release|iPhoneSimulator.Build.0 = Release|Any CPU
		{7AAEBF6F-03C1-4D4B-87FB-3411D9A80FF5}.Debug|iPhone.ActiveCfg = Debug|Any CPU
		{7AAEBF6F-03C1-4D4B-87FB-3411D9A80FF5}.Debug|iPhone.Build.0 = Debug|Any CPU
		{D35F627D-2F5C-405F-9C84-EDE609DC3B62}.Debug|Any CPU.ActiveCfg = Debug|iPhoneSimulator
		{D35F627D-2F5C-405F-9C84-EDE609DC3B62}.Debug|Any CPU.Build.0 = Debug|iPhoneSimulator
		{D35F627D-2F5C-405F-9C84-EDE609DC3B62}.Release|Any CPU.ActiveCfg = Release|iPhone
		{D35F627D-2F5C-405F-9C84-EDE609DC3B62}.Release|Any CPU.Build.0 = Release|iPhone
		{D35F627D-2F5C-405F-9C84-EDE609DC3B62}.Debug|iPhoneSimulator.ActiveCfg = Debug|iPhoneSimulator
		{D35F627D-2F5C-405F-9C84-EDE609DC3B62}.Debug|iPhoneSimulator.Build.0 = Debug|iPhoneSimulator
		{D35F627D-2F5C-405F-9C84-EDE609DC3B62}.Release|iPhone.ActiveCfg = Release|iPhone
		{D35F627D-2F5C-405F-9C84-EDE609DC3B62}.Release|iPhone.Build.0 = Release|iPhone
		{D35F627D-2F5C-405F-9C84-EDE609DC3B62}.Release|iPhoneSimulator.ActiveCfg = Release|iPhoneSimulator
		{D35F627D-2F5C-405F-9C84-EDE609DC3B62}.Release|iPhoneSimulator.Build.0 = Release|iPhoneSimulator
		{D35F627D-2F5C-405F-9C84-EDE609DC3B62}.Debug|iPhone.ActiveCfg = Debug|iPhone
		{D35F627D-2F5C-405F-9C84-EDE609DC3B62}.Debug|iPhone.Build.0 = Debug|iPhone
		{5CC719F2-D071-4C1F-BF05-B66A7AC78D72}.Debug|Any CPU.ActiveCfg = Debug|Any CPU
		{5CC719F2-D071-4C1F-BF05-B66A7AC78D72}.Debug|Any CPU.Build.0 = Debug|Any CPU
		{5CC719F2-D071-4C1F-BF05-B66A7AC78D72}.Release|Any CPU.ActiveCfg = Release|Any CPU
		{5CC719F2-D071-4C1F-BF05-B66A7AC78D72}.Release|Any CPU.Build.0 = Release|Any CPU
		{5CC719F2-D071-4C1F-BF05-B66A7AC78D72}.Debug|iPhoneSimulator.ActiveCfg = Debug|Any CPU
		{5CC719F2-D071-4C1F-BF05-B66A7AC78D72}.Debug|iPhoneSimulator.Build.0 = Debug|Any CPU
		{5CC719F2-D071-4C1F-BF05-B66A7AC78D72}.Release|iPhone.ActiveCfg = Release|Any CPU
		{5CC719F2-D071-4C1F-BF05-B66A7AC78D72}.Release|iPhone.Build.0 = Release|Any CPU
		{5CC719F2-D071-4C1F-BF05-B66A7AC78D72}.Release|iPhoneSimulator.ActiveCfg = Release|Any CPU
		{5CC719F2-D071-4C1F-BF05-B66A7AC78D72}.Release|iPhoneSimulator.Build.0 = Release|Any CPU
		{5CC719F2-D071-4C1F-BF05-B66A7AC78D72}.Debug|iPhone.ActiveCfg = Debug|Any CPU
		{5CC719F2-D071-4C1F-BF05-B66A7AC78D72}.Debug|iPhone.Build.0 = Debug|Any CPU
	EndGlobalSection
EndGlobal
